
Microsoft Visual Studio Solution File, Format Version 12.00
# Visual Studio Version 16
VisualStudioVersion = 16.0.29001.49
MinimumVisualStudioVersion = 10.0.40219.1
Project("{FAE04EC0-301F-11D3-BF4B-00C04F79EFBC}") = "JiraTimeBreakdown", "JiraTimeBreakdown\JiraTimeBreakdown.csproj", "{97ED3438-E4F5-4A4C-BB96-4F016F9984BA}"
EndProject
Global
	GlobalSection(SolutionConfigurationPlatforms) = preSolution
		Debug|Any CPU = Debug|Any CPU
		Release|Any CPU = Release|Any CPU
	EndGlobalSection
	GlobalSection(ProjectConfigurationPlatforms) = postSolution
		{97ED3438-E4F5-4A4C-BB96-4F016F9984BA}.Debug|Any CPU.ActiveCfg = Debug|Any CPU
		{97ED3438-E4F5-4A4C-BB96-4F016F9984BA}.Debug|Any CPU.Build.0 = Debug|Any CPU
		{97ED3438-E4F5-4A4C-BB96-4F016F9984BA}.Release|Any CPU.ActiveCfg = Release|Any CPU
		{97ED3438-E4F5-4A4C-BB96-4F016F9984BA}.Release|Any CPU.Build.0 = Release|Any CPU
	EndGlobalSection
	GlobalSection(SolutionProperties) = preSolution
		HideSolutionNode = FALSE
	EndGlobalSection
	GlobalSection(ExtensibilityGlobals) = postSolution
		SolutionGuid = {2C633366-B520-4D6A-B855-385E527E10C5}
	EndGlobalSection
EndGlobal
